{
  "name": "string-replace-middleware",
  "version": "1.0.0",
  "lockfileVersion": 1,
  "requires": true,
  "dependencies": {
    "escape-string-regexp": {
      "version": "1.0.5",
      "resolved": "https://registry.npmjs.org/escape-string-regexp/-/escape-string-regexp-1.0.5.tgz",
      "integrity": "sha1-G2HAViGQqN/2rjuyzwIAyhMLhtQ="
    },
    "hijackresponse": {
      "version": "2.0.1",
      "resolved": "https://registry.npmjs.org/hijackresponse/-/hijackresponse-2.0.1.tgz",
      "integrity": "sha1-RfXgybh9c7rYWPZgIb7Dd8c2uLM="
    }
  }
}
